
Microsoft Visual Studio Solution File, Format Version 12.00
# Visual Studio 14
VisualStudioVersion = 14.0.24720.0
MinimumVisualStudioVersion = 10.0.40219.1
Project("{FAE04EC0-301F-11D3-BF4B-00C04F79EFBC}") = "Rol", "Rol\Rol.csproj", "{F26F6F9A-1916-4863-B484-DE297FE69C82}"
EndProject
Project("{FAE04EC0-301F-11D3-BF4B-00C04F79EFBC}") = "Rol.Tests", "Rol.Tests\Rol.Tests.csproj", "{EE556AC7-EC1D-424B-A8B5-EF244F446428}"
EndProject
Global
	GlobalSection(SolutionConfigurationPlatforms) = preSolution
		Debug|Any CPU = Debug|Any CPU
		Release|Any CPU = Release|Any CPU
	EndGlobalSection
	GlobalSection(ProjectConfigurationPlatforms) = postSolution
		{F26F6F9A-1916-4863-B484-DE297FE69C82}.Debug|Any CPU.ActiveCfg = Debug|Any CPU
		{F26F6F9A-1916-4863-B484-DE297FE69C82}.Debug|Any CPU.Build.0 = Debug|Any CPU
		{F26F6F9A-1916-4863-B484-DE297FE69C82}.Release|Any CPU.ActiveCfg = Release|Any CPU
		{F26F6F9A-1916-4863-B484-DE297FE69C82}.Release|Any CPU.Build.0 = Release|Any CPU
		{EE556AC7-EC1D-424B-A8B5-EF244F446428}.Debug|Any CPU.ActiveCfg = Debug|Any CPU
		{EE556AC7-EC1D-424B-A8B5-EF244F446428}.Debug|Any CPU.Build.0 = Debug|Any CPU
		{EE556AC7-EC1D-424B-A8B5-EF244F446428}.Release|Any CPU.ActiveCfg = Release|Any CPU
		{EE556AC7-EC1D-424B-A8B5-EF244F446428}.Release|Any CPU.Build.0 = Release|Any CPU
	EndGlobalSection
	GlobalSection(SolutionProperties) = preSolution
		HideSolutionNode = FALSE
	EndGlobalSection
EndGlobal
